// !$*UTF8*$!
{
	archiveVersion = 1;
	classes = {
	};
	objectVersion = 51;
	objects = {

/* Begin PBXBuildFile section */
		A6A34D7B26E8FF3E00765AD3 /* AppDelegate.swift in Sources */ = {isa = PBXBuildFile; fileRef = A6A34D7A26E8FF3E00765AD3 /* AppDelegate.swift */; };
		A6A34D7D26E8FF3E00765AD3 /* SceneDelegate.swift in Sources */ = {isa = PBXBuildFile; fileRef = A6A34D7C26E8FF3E00765AD3 /* SceneDelegate.swift */; };
		A6A34D8426E8FF3F00765AD3 /* Assets.xcassets in Resources */ = {isa = PBXBuildFile; fileRef = A6A34D8326E8FF3F00765AD3 /* Assets.xcassets */; };
		A6A34D8726E8FF3F00765AD3 /* LaunchScreen.storyboard in Resources */ = {isa = PBXBuildFile; fileRef = A6A34D8526E8FF3F00765AD3 /* LaunchScreen.storyboard */; };
		A6A34D8F26E9016700765AD3 /* ChatList.storyboard in Resources */ = {isa = PBXBuildFile; fileRef = A6A34D8E26E9016700765AD3 /* ChatList.storyboard */; };
		A6A34D9126E901E500765AD3 /* ChatListViewController.swift in Sources */ = {isa = PBXBuildFile; fileRef = A6A34D9026E901E500765AD3 /* ChatListViewController.swift */; };
		A6A34D9526E90AD900765AD3 /* UIColor-Extension.swift in Sources */ = {isa = PBXBuildFile; fileRef = A6A34D9426E90AD900765AD3 /* UIColor-Extension.swift */; };
		A6A34D9726E90E3100765AD3 /* ChatRoom.storyboard in Resources */ = {isa = PBXBuildFile; fileRef = A6A34D9626E90E3100765AD3 /* ChatRoom.storyboard */; };
		A6A34D9926E90EEF00765AD3 /* ChatRoomViewController.swift in Sources */ = {isa = PBXBuildFile; fileRef = A6A34D9826E90EEF00765AD3 /* ChatRoomViewController.swift */; };
		A6A34D9B26E9138C00765AD3 /* ChatRoomTableViewCell.xib in Resources */ = {isa = PBXBuildFile; fileRef = A6A34D9A26E9138C00765AD3 /* ChatRoomTableViewCell.xib */; };
		A6A34D9D26E9153E00765AD3 /* ChatRoomTableViewCell.swift in Sources */ = {isa = PBXBuildFile; fileRef = A6A34D9C26E9153E00765AD3 /* ChatRoomTableViewCell.swift */; };
		A6A34DA226E91F5300765AD3 /* ChatInputAccessoryView.xib in Resources */ = {isa = PBXBuildFile; fileRef = A6A34DA126E91F5300765AD3 /* ChatInputAccessoryView.xib */; };
		A6A34DA426E9247B00765AD3 /* ChatInputAccessoryView.swift in Sources */ = {isa = PBXBuildFile; fileRef = A6A34DA326E9247B00765AD3 /* ChatInputAccessoryView.swift */; };
		A6A34DA626E940FE00765AD3 /* GoogleService-Info.plist in Resources */ = {isa = PBXBuildFile; fileRef = A6A34DA526E940FE00765AD3 /* GoogleService-Info.plist */; };
		A6A34DA826E963E700765AD3 /* SignUp.storyboard in Resources */ = {isa = PBXBuildFile; fileRef = A6A34DA726E963E700765AD3 /* SignUp.storyboard */; };
		A6A34DAA26E9693E00765AD3 /* SignUpViewController.swift in Sources */ = {isa = PBXBuildFile; fileRef = A6A34DA926E9693E00765AD3 /* SignUpViewController.swift */; };
		A6A34DAD26E9D52E00765AD3 /* User.swift in Sources */ = {isa = PBXBuildFile; fileRef = A6A34DAC26E9D52E00765AD3 /* User.swift */; };
		A6A34DAF26EA031300765AD3 /* UserList.storyboard in Resources */ = {isa = PBXBuildFile; fileRef = A6A34DAE26EA031300765AD3 /* UserList.storyboard */; };
		A6A34DB326EA051000765AD3 /* UserListViewController.swift in Sources */ = {isa = PBXBuildFile; fileRef = A6A34DB226EA051000765AD3 /* UserListViewController.swift */; };
		E5782B6189C418F564A18BE2 /* Pods_ChatAppWithFirebase.framework in Frameworks */ = {isa = PBXBuildFile; fileRef = 5CD28695E1ACD7F4EA42B1C6 /* Pods_ChatAppWithFirebase.framework */; };
/* End PBXBuildFile section */

/* Begin PBXFileReference section */
		017BF5F4573EFDBF03B778C8 /* Pods-ChatAppWithFirebase.release.xcconfig */ = {isa = PBXFileReference; includeInIndex = 1; lastKnownFileType = text.xcconfig; name = "Pods-ChatAppWithFirebase.release.xcconfig"; path = "Target Support Files/Pods-ChatAppWithFirebase/Pods-ChatAppWithFirebase.release.xcconfig"; sourceTree = "<group>"; };
		5CD28695E1ACD7F4EA42B1C6 /* Pods_ChatAppWithFirebase.framework */ = {isa = PBXFileReference; explicitFileType = wrapper.framework; includeInIndex = 0; path = Pods_ChatAppWithFirebase.framework; sourceTree = BUILT_PRODUCTS_DIR; };
		A6A34D7726E8FF3E00765AD3 /* ChatAppWithFirebase.app */ = {isa = PBXFileReference; explicitFileType = wrapper.application; includeInIndex = 0; path = ChatAppWithFirebase.app; sourceTree = BUILT_PRODUCTS_DIR; };
		A6A34D7A26E8FF3E00765AD3 /* AppDelegate.swift */ = {isa = PBXFileReference; lastKnownFileType = sourcecode.swift; path = AppDelegate.swift; sourceTree = "<group>"; };
		A6A34D7C26E8FF3E00765AD3 /* SceneDelegate.swift */ = {isa = PBXFileReference; lastKnownFileType = sourcecode.swift; path = SceneDelegate.swift; sourceTree = "<group>"; };
		A6A34D8326E8FF3F00765AD3 /* Assets.xcassets */ = {isa = PBXFileReference; lastKnownFileType = folder.assetcatalog; path = Assets.xcassets; sourceTree = "<group>"; };
		A6A34D8626E8FF3F00765AD3 /* Base */ = {isa = PBXFileReference; lastKnownFileType = file.storyboard; name = Base; path = Base.lproj/LaunchScreen.storyboard; sourceTree = "<group>"; };
		A6A34D8826E8FF3F00765AD3 /* Info.plist */ = {isa = PBXFileReference; lastKnownFileType = text.plist.xml; path = Info.plist; sourceTree = "<group>"; };
		A6A34D8E26E9016700765AD3 /* ChatList.storyboard */ = {isa = PBXFileReference; lastKnownFileType = file.storyboard; path = ChatList.storyboard; sourceTree = "<group>"; };
		A6A34D9026E901E500765AD3 /* ChatListViewController.swift */ = {isa = PBXFileReference; lastKnownFileType = sourcecode.swift; path = ChatListViewController.swift; sourceTree = "<group>"; };
		A6A34D9426E90AD900765AD3 /* UIColor-Extension.swift */ = {isa = PBXFileReference; lastKnownFileType = sourcecode.swift; path = "UIColor-Extension.swift"; sourceTree = "<group>"; };
		A6A34D9626E90E3100765AD3 /* ChatRoom.storyboard */ = {isa = PBXFileReference; lastKnownFileType = file.storyboard; path = ChatRoom.storyboard; sourceTree = "<group>"; };
		A6A34D9826E90EEF00765AD3 /* ChatRoomViewController.swift */ = {isa = PBXFileReference; lastKnownFileType = sourcecode.swift; path = ChatRoomViewController.swift; sourceTree = "<group>"; };
		A6A34D9A26E9138C00765AD3 /* ChatRoomTableViewCell.xib */ = {isa = PBXFileReference; lastKnownFileType = file.xib; path = ChatRoomTableViewCell.xib; sourceTree = "<group>"; };
		A6A34D9C26E9153E00765AD3 /* ChatRoomTableViewCell.swift */ = {isa = PBXFileReference; lastKnownFileType = sourcecode.swift; path = ChatRoomTableViewCell.swift; sourceTree = "<group>"; };
		A6A34DA126E91F5300765AD3 /* ChatInputAccessoryView.xib */ = {isa = PBXFileReference; lastKnownFileType = file.xib; path = ChatInputAccessoryView.xib; sourceTree = "<group>"; };
		A6A34DA326E9247B00765AD3 /* ChatInputAccessoryView.swift */ = {isa = PBXFileReference; lastKnownFileType = sourcecode.swift; path = ChatInputAccessoryView.swift; sourceTree = "<group>"; };
		A6A34DA526E940FE00765AD3 /* GoogleService-Info.plist */ = {isa = PBXFileReference; fileEncoding = 4; lastKnownFileType = text.plist.xml; path = "GoogleService-Info.plist"; sourceTree = "<group>"; };
		A6A34DA726E963E700765AD3 /* SignUp.storyboard */ = {isa = PBXFileReference; lastKnownFileType = file.storyboard; path = SignUp.storyboard; sourceTree = "<group>"; };
		A6A34DA926E9693E00765AD3 /* SignUpViewController.swift */ = {isa = PBXFileReference; lastKnownFileType = sourcecode.swift; path = SignUpViewController.swift; sourceTree = "<group>"; };
		A6A34DAC26E9D52E00765AD3 /* User.swift */ = {isa = PBXFileReference; lastKnownFileType = sourcecode.swift; path = User.swift; sourceTree = "<group>"; };
		A6A34DAE26EA031300765AD3 /* UserList.storyboard */ = {isa = PBXFileReference; lastKnownFileType = file.storyboard; path = UserList.storyboard; sourceTree = "<group>"; };
		A6A34DB226EA051000765AD3 /* UserListViewController.swift */ = {isa = PBXFileReference; lastKnownFileType = sourcecode.swift; path = UserListViewController.swift; sourceTree = "<group>"; };
		E99738D102E8DCF88038D829 /* Pods-ChatAppWithFirebase.debug.xcconfig */ = {isa = PBXFileReference; includeInIndex = 1; lastKnownFileType = text.xcconfig; name = "Pods-ChatAppWithFirebase.debug.xcconfig"; path = "Target Support Files/Pods-ChatAppWithFirebase/Pods-ChatAppWithFirebase.debug.xcconfig"; sourceTree = "<group>"; };
/* End PBXFileReference section */

/* Begin PBXFrameworksBuildPhase section */
		A6A34D7426E8FF3E00765AD3 /* Frameworks */ = {
			isa = PBXFrameworksBuildPhase;
			buildActionMask = 2147483647;
			files = (
				E5782B6189C418F564A18BE2 /* Pods_ChatAppWithFirebase.framework in Frameworks */,
			);
			runOnlyForDeploymentPostprocessing = 0;
		};
/* End PBXFrameworksBuildPhase section */

/* Begin PBXGroup section */
		7C14D63E14A980DEB586ECC1 /* Frameworks */ = {
			isa = PBXGroup;
			children = (
				5CD28695E1ACD7F4EA42B1C6 /* Pods_ChatAppWithFirebase.framework */,
			);
			name = Frameworks;
			sourceTree = "<group>";
		};
		9B3EED671A4B3CEA28471A27 /* Pods */ = {
			isa = PBXGroup;
			children = (
				E99738D102E8DCF88038D829 /* Pods-ChatAppWithFirebase.debug.xcconfig */,
				017BF5F4573EFDBF03B778C8 /* Pods-ChatAppWithFirebase.release.xcconfig */,
			);
			path = Pods;
			sourceTree = "<group>";
		};
		A6A34D6E26E8FF3E00765AD3 = {
			isa = PBXGroup;
			children = (
				A6A34D7926E8FF3E00765AD3 /* ChatAppWithFirebase */,
				A6A34D7826E8FF3E00765AD3 /* Products */,
				9B3EED671A4B3CEA28471A27 /* Pods */,
				7C14D63E14A980DEB586ECC1 /* Frameworks */,
			);
			sourceTree = "<group>";
		};
		A6A34D7826E8FF3E00765AD3 /* Products */ = {
			isa = PBXGroup;
			children = (
				A6A34D7726E8FF3E00765AD3 /* ChatAppWithFirebase.app */,
			);
			name = Products;
			sourceTree = "<group>";
		};
		A6A34D7926E8FF3E00765AD3 /* ChatAppWithFirebase */ = {
			isa = PBXGroup;
			children = (
				A6A34DAB26E9D50A00765AD3 /* Models */,
				A6A34DA026E91EE500765AD3 /* Extensions */,
				A6A34D9F26E91ED800765AD3 /* Views */,
				A6A34D9E26E91EC800765AD3 /* xibs */,
				A6A34D9326E90A7700765AD3 /* Storyboards */,
				A6A34D9226E90A6A00765AD3 /* Controllers */,
				A6A34D7A26E8FF3E00765AD3 /* AppDelegate.swift */,
				A6A34D7C26E8FF3E00765AD3 /* SceneDelegate.swift */,
				A6A34D8326E8FF3F00765AD3 /* Assets.xcassets */,
				A6A34D8526E8FF3F00765AD3 /* LaunchScreen.storyboard */,
				A6A34D8826E8FF3F00765AD3 /* Info.plist */,
				A6A34DA526E940FE00765AD3 /* GoogleService-Info.plist */,
			);
			path = ChatAppWithFirebase;
			sourceTree = "<group>";
		};
		A6A34D9226E90A6A00765AD3 /* Controllers */ = {
			isa = PBXGroup;
			children = (
				A6A34D9026E901E500765AD3 /* ChatListViewController.swift */,
				A6A34D9826E90EEF00765AD3 /* ChatRoomViewController.swift */,
				A6A34DA926E9693E00765AD3 /* SignUpViewController.swift */,
				A6A34DB226EA051000765AD3 /* UserListViewController.swift */,
			);
			path = Controllers;
			sourceTree = "<group>";
		};
		A6A34D9326E90A7700765AD3 /* Storyboards */ = {
			isa = PBXGroup;
			children = (
				A6A34D8E26E9016700765AD3 /* ChatList.storyboard */,
				A6A34D9626E90E3100765AD3 /* ChatRoom.storyboard */,
				A6A34DA726E963E700765AD3 /* SignUp.storyboard */,
				A6A34DAE26EA031300765AD3 /* UserList.storyboard */,
			);
			path = Storyboards;
			sourceTree = "<group>";
		};
		A6A34D9E26E91EC800765AD3 /* xibs */ = {
			isa = PBXGroup;
			children = (
				A6A34D9A26E9138C00765AD3 /* ChatRoomTableViewCell.xib */,
				A6A34DA126E91F5300765AD3 /* ChatInputAccessoryView.xib */,
			);
			path = xibs;
			sourceTree = "<group>";
		};
		A6A34D9F26E91ED800765AD3 /* Views */ = {
			isa = PBXGroup;
			children = (
				A6A34D9C26E9153E00765AD3 /* ChatRoomTableViewCell.swift */,
				A6A34DA326E9247B00765AD3 /* ChatInputAccessoryView.swift */,
			);
			path = Views;
			sourceTree = "<group>";
		};
		A6A34DA026E91EE500765AD3 /* Extensions */ = {
			isa = PBXGroup;
			children = (
				A6A34D9426E90AD900765AD3 /* UIColor-Extension.swift */,
			);
			path = Extensions;
			sourceTree = "<group>";
		};
		A6A34DAB26E9D50A00765AD3 /* Models */ = {
			isa = PBXGroup;
			children = (
				A6A34DAC26E9D52E00765AD3 /* User.swift */,
			);
			path = Models;
			sourceTree = "<group>";
		};
/* End PBXGroup section */

/* Begin PBXNativeTarget section */
		A6A34D7626E8FF3E00765AD3 /* ChatAppWithFirebase */ = {
			isa = PBXNativeTarget;
			buildConfigurationList = A6A34D8B26E8FF3F00765AD3 /* Build configuration list for PBXNativeTarget "ChatAppWithFirebase" */;
			buildPhases = (
				BAB7F35DDE68C0AA52F40600 /* [CP] Check Pods Manifest.lock */,
				A6A34D7326E8FF3E00765AD3 /* Sources */,
				A6A34D7426E8FF3E00765AD3 /* Frameworks */,
				A6A34D7526E8FF3E00765AD3 /* Resources */,
				9945AADF2C86263B867B6A16 /* [CP] Embed Pods Frameworks */,
			);
			buildRules = (
			);
			dependencies = (
			);
			name = ChatAppWithFirebase;
			productName = ChatAppWithFirebase;
			productReference = A6A34D7726E8FF3E00765AD3 /* ChatAppWithFirebase.app */;
			productType = "com.apple.product-type.application";
		};
/* End PBXNativeTarget section */

/* Begin PBXProject section */
		A6A34D6F26E8FF3E00765AD3 /* Project object */ = {
			isa = PBXProject;
			attributes = {
				LastSwiftUpdateCheck = 1250;
				LastUpgradeCheck = 1250;
				TargetAttributes = {
					A6A34D7626E8FF3E00765AD3 = {
						CreatedOnToolsVersion = 12.5.1;
					};
				};
			};
			buildConfigurationList = A6A34D7226E8FF3E00765AD3 /* Build configuration list for PBXProject "ChatAppWithFirebase" */;
			compatibilityVersion = "Xcode 9.3";
			developmentRegion = en;
			hasScannedForEncodings = 0;
			knownRegions = (
				en,
				Base,
			);
			mainGroup = A6A34D6E26E8FF3E00765AD3;
			productRefGroup = A6A34D7826E8FF3E00765AD3 /* Products */;
			projectDirPath = "";
			projectRoot = "";
			targets = (
				A6A34D7626E8FF3E00765AD3 /* ChatAppWithFirebase */,
			);
		};
/* End PBXProject section */

/* Begin PBXResourcesBuildPhase section */
		A6A34D7526E8FF3E00765AD3 /* Resources */ = {
			isa = PBXResourcesBuildPhase;
			buildActionMask = 2147483647;
			files = (
				A6A34DAF26EA031300765AD3 /* UserList.storyboard in Resources */,
				A6A34D9B26E9138C00765AD3 /* ChatRoomTableViewCell.xib in Resources */,
				A6A34D8726E8FF3F00765AD3 /* LaunchScreen.storyboard in Resources */,
				A6A34D8426E8FF3F00765AD3 /* Assets.xcassets in Resources */,
				A6A34D8F26E9016700765AD3 /* ChatList.storyboard in Resources */,
				A6A34DA226E91F5300765AD3 /* ChatInputAccessoryView.xib in Resources */,
				A6A34D9726E90E3100765AD3 /* ChatRoom.storyboard in Resources */,
				A6A34DA826E963E700765AD3 /* SignUp.storyboard in Resources */,
				A6A34DA626E940FE00765AD3 /* GoogleService-Info.plist in Resources */,
			);
			runOnlyForDeploymentPostprocessing = 0;
		};
/* End PBXResourcesBuildPhase section */

/* Begin PBXShellScriptBuildPhase section */
		9945AADF2C86263B867B6A16 /* [CP] Embed Pods Frameworks */ = {
			isa = PBXShellScriptBuildPhase;
			buildActionMask = 2147483647;
			files = (
			);
			inputFileListPaths = (
				"${PODS_ROOT}/Target Support Files/Pods-ChatAppWithFirebase/Pods-ChatAppWithFirebase-frameworks-${CONFIGURATION}-input-files.xcfilelist",
			);
			name = "[CP] Embed Pods Frameworks";
			outputFileListPaths = (
				"${PODS_ROOT}/Target Support Files/Pods-ChatAppWithFirebase/Pods-ChatAppWithFirebase-frameworks-${CONFIGURATION}-output-files.xcfilelist",
			);
			runOnlyForDeploymentPostprocessing = 0;
			shellPath = /bin/sh;
			shellScript = "\"${PODS_ROOT}/Target Support Files/Pods-ChatAppWithFirebase/Pods-ChatAppWithFirebase-frameworks.sh\"\n";
			showEnvVarsInLog = 0;
		};
		BAB7F35DDE68C0AA52F40600 /* [CP] Check Pods Manifest.lock */ = {
			isa = PBXShellScriptBuildPhase;
			buildActionMask = 2147483647;
			files = (
			);
			inputFileListPaths = (
			);
			inputPaths = (
				"${PODS_PODFILE_DIR_PATH}/Podfile.lock",
				"${PODS_ROOT}/Manifest.lock",
			);
			name = "[CP] Check Pods Manifest.lock";
			outputFileListPaths = (
			);
			outputPaths = (
				"$(DERIVED_FILE_DIR)/Pods-ChatAppWithFirebase-checkManifestLockResult.txt",
			);
			runOnlyForDeploymentPostprocessing = 0;
			shellPath = /bin/sh;
			shellScript = "diff \"${PODS_PODFILE_DIR_PATH}/Podfile.lock\" \"${PODS_ROOT}/Manifest.lock\" > /dev/null\nif [ $? != 0 ] ; then\n    # print error to STDERR\n    echo \"error: The sandbox is not in sync with the Podfile.lock. Run 'pod install' or update your CocoaPods installation.\" >&2\n    exit 1\nfi\n# This output is used by Xcode 'outputs' to avoid re-running this script phase.\necho \"SUCCESS\" > \"${SCRIPT_OUTPUT_FILE_0}\"\n";
			showEnvVarsInLog = 0;
		};
/* End PBXShellScriptBuildPhase section */

/* Begin PBXSourcesBuildPhase section */
		A6A34D7326E8FF3E00765AD3 /* Sources */ = {
			isa = PBXSourcesBuildPhase;
			buildActionMask = 2147483647;
			files = (
				A6A34D7B26E8FF3E00765AD3 /* AppDelegate.swift in Sources */,
				A6A34DA426E9247B00765AD3 /* ChatInputAccessoryView.swift in Sources */,
				A6A34DAA26E9693E00765AD3 /* SignUpViewController.swift in Sources */,
				A6A34D9526E90AD900765AD3 /* UIColor-Extension.swift in Sources */,
				A6A34D9926E90EEF00765AD3 /* ChatRoomViewController.swift in Sources */,
				A6A34DB326EA051000765AD3 /* UserListViewController.swift in Sources */,
				A6A34DAD26E9D52E00765AD3 /* User.swift in Sources */,
				A6A34D9126E901E500765AD3 /* ChatListViewController.swift in Sources */,
				A6A34D9D26E9153E00765AD3 /* ChatRoomTableViewCell.swift in Sources */,
				A6A34D7D26E8FF3E00765AD3 /* SceneDelegate.swift in Sources */,
			);
			runOnlyForDeploymentPostprocessing = 0;
		};
/* End PBXSourcesBuildPhase section */

/* Begin PBXVariantGroup section */
		A6A34D8526E8FF3F00765AD3 /* LaunchScreen.storyboard */ = {
			isa = PBXVariantGroup;
			children = (
				A6A34D8626E8FF3F00765AD3 /* Base */,
			);
			name = LaunchScreen.storyboard;
			sourceTree = "<group>";
		};
/* End PBXVariantGroup section */

/* Begin XCBuildConfiguration section */
		A6A34D8926E8FF3F00765AD3 /* Debug */ = {
			isa = XCBuildConfiguration;
			buildSettings = {
				ALWAYS_SEARCH_USER_PATHS = NO;
				CLANG_ANALYZER_NONNULL = YES;
				CLANG_ANALYZER_NUMBER_OBJECT_CONVERSION = YES_AGGRESSIVE;
				CLANG_CXX_LANGUAGE_STANDARD = "gnu++14";
				CLANG_CXX_LIBRARY = "libc++";
				CLANG_ENABLE_MODULES = YES;
				CLANG_ENABLE_OBJC_ARC = YES;
				CLANG_ENABLE_OBJC_WEAK = YES;
				CLANG_WARN_BLOCK_CAPTURE_AUTORELEASING = YES;
				CLANG_WARN_BOOL_CONVERSION = YES;
				CLANG_WARN_COMMA = YES;
				CLANG_WARN_CONSTANT_CONVERSION = YES;
				CLANG_WARN_DEPRECATED_OBJC_IMPLEMENTATIONS = YES;
				CLANG_WARN_DIRECT_OBJC_ISA_USAGE = YES_ERROR;
				CLANG_WARN_DOCUMENTATION_COMMENTS = YES;
				CLANG_WARN_EMPTY_BODY = YES;
				CLANG_WARN_ENUM_CONVERSION = YES;
				CLANG_WARN_INFINITE_RECURSION = YES;
				CLANG_WARN_INT_CONVERSION = YES;
				CLANG_WARN_NON_LITERAL_NULL_CONVERSION = YES;
				CLANG_WARN_OBJC_IMPLICIT_RETAIN_SELF = YES;
				CLANG_WARN_OBJC_LITERAL_CONVERSION = YES;
				CLANG_WARN_OBJC_ROOT_CLASS = YES_ERROR;
				CLANG_WARN_QUOTED_INCLUDE_IN_FRAMEWORK_HEADER = YES;
				CLANG_WARN_RANGE_LOOP_ANALYSIS = YES;
				CLANG_WARN_STRICT_PROTOTYPES = YES;
				CLANG_WARN_SUSPICIOUS_MOVE = YES;
				CLANG_WARN_UNGUARDED_AVAILABILITY = YES_AGGRESSIVE;
				CLANG_WARN_UNREACHABLE_CODE = YES;
				CLANG_WARN__DUPLICATE_METHOD_MATCH = YES;
				COPY_PHASE_STRIP = NO;
				DEBUG_INFORMATION_FORMAT = dwarf;
				ENABLE_STRICT_OBJC_MSGSEND = YES;
				ENABLE_TESTABILITY = YES;
				GCC_C_LANGUAGE_STANDARD = gnu11;
				GCC_DYNAMIC_NO_PIC = NO;
				GCC_NO_COMMON_BLOCKS = YES;
				GCC_OPTIMIZATION_LEVEL = 0;
				GCC_PREPROCESSOR_DEFINITIONS = (
					"DEBUG=1",
					"$(inherited)",
				);
				GCC_WARN_64_TO_32_BIT_CONVERSION = YES;
				GCC_WARN_ABOUT_RETURN_TYPE = YES_ERROR;
				GCC_WARN_UNDECLARED_SELECTOR = YES;
				GCC_WARN_UNINITIALIZED_AUTOS = YES_AGGRESSIVE;
				GCC_WARN_UNUSED_FUNCTION = YES;
				GCC_WARN_UNUSED_VARIABLE = YES;
				IPHONEOS_DEPLOYMENT_TARGET = 14.5;
				MTL_ENABLE_DEBUG_INFO = INCLUDE_SOURCE;
				MTL_FAST_MATH = YES;
				ONLY_ACTIVE_ARCH = YES;
				SDKROOT = iphoneos;
				SWIFT_ACTIVE_COMPILATION_CONDITIONS = DEBUG;
				SWIFT_OPTIMIZATION_LEVEL = "-Onone";
			};
			name = Debug;
		};
		A6A34D8A26E8FF3F00765AD3 /* Release */ = {
			isa = XCBuildConfiguration;
			buildSettings = {
				ALWAYS_SEARCH_USER_PATHS = NO;
				CLANG_ANALYZER_NONNULL = YES;
				CLANG_ANALYZER_NUMBER_OBJECT_CONVERSION = YES_AGGRESSIVE;
				CLANG_CXX_LANGUAGE_STANDARD = "gnu++14";
				CLANG_CXX_LIBRARY = "libc++";
				CLANG_ENABLE_MODULES = YES;
				CLANG_ENABLE_OBJC_ARC = YES;
				CLANG_ENABLE_OBJC_WEAK = YES;
				CLANG_WARN_BLOCK_CAPTURE_AUTORELEASING = YES;
				CLANG_WARN_BOOL_CONVERSION = YES;
				CLANG_WARN_COMMA = YES;
				CLANG_WARN_CONSTANT_CONVERSION = YES;
				CLANG_WARN_DEPRECATED_OBJC_IMPLEMENTATIONS = YES;
				CLANG_WARN_DIRECT_OBJC_ISA_USAGE = YES_ERROR;
				CLANG_WARN_DOCUMENTATION_COMMENTS = YES;
				CLANG_WARN_EMPTY_BODY = YES;
				CLANG_WARN_ENUM_CONVERSION = YES;
				CLANG_WARN_INFINITE_RECURSION = YES;
				CLANG_WARN_INT_CONVERSION = YES;
				CLANG_WARN_NON_LITERAL_NULL_CONVERSION = YES;
				CLANG_WARN_OBJC_IMPLICIT_RETAIN_SELF = YES;
				CLANG_WARN_OBJC_LITERAL_CONVERSION = YES;
				CLANG_WARN_OBJC_ROOT_CLASS = YES_ERROR;
				CLANG_WARN_QUOTED_INCLUDE_IN_FRAMEWORK_HEADER = YES;
				CLANG_WARN_RANGE_LOOP_ANALYSIS = YES;
				CLANG_WARN_STRICT_PROTOTYPES = YES;
				CLANG_WARN_SUSPICIOUS_MOVE = YES;
				CLANG_WARN_UNGUARDED_AVAILABILITY = YES_AGGRESSIVE;
				CLANG_WARN_UNREACHABLE_CODE = YES;
				CLANG_WARN__DUPLICATE_METHOD_MATCH = YES;
				COPY_PHASE_STRIP = NO;
				DEBUG_INFORMATION_FORMAT = "dwarf-with-dsym";
				ENABLE_NS_ASSERTIONS = NO;
				ENABLE_STRICT_OBJC_MSGSEND = YES;
				GCC_C_LANGUAGE_STANDARD = gnu11;
				GCC_NO_COMMON_BLOCKS = YES;
				GCC_WARN_64_TO_32_BIT_CONVERSION = YES;
				GCC_WARN_ABOUT_RETURN_TYPE = YES_ERROR;
				GCC_WARN_UNDECLARED_SELECTOR = YES;
				GCC_WARN_UNINITIALIZED_AUTOS = YES_AGGRESSIVE;
				GCC_WARN_UNUSED_FUNCTION = YES;
				GCC_WARN_UNUSED_VARIABLE = YES;
				IPHONEOS_DEPLOYMENT_TARGET = 14.5;
				MTL_ENABLE_DEBUG_INFO = NO;
				MTL_FAST_MATH = YES;
				SDKROOT = iphoneos;
				SWIFT_COMPILATION_MODE = wholemodule;
				SWIFT_OPTIMIZATION_LEVEL = "-O";
				VALIDATE_PRODUCT = YES;
			};
			name = Release;
		};
		A6A34D8C26E8FF3F00765AD3 /* Debug */ = {
			isa = XCBuildConfiguration;
			baseConfigurationReference = E99738D102E8DCF88038D829 /* Pods-ChatAppWithFirebase.debug.xcconfig */;
			buildSettings = {
				ASSETCATALOG_COMPILER_APPICON_NAME = AppIcon;
				ASSETCATALOG_COMPILER_GLOBAL_ACCENT_COLOR_NAME = AccentColor;
				CODE_SIGN_STYLE = Automatic;
				INFOPLIST_FILE = ChatAppWithFirebase/Info.plist;
				LD_RUNPATH_SEARCH_PATHS = (
					"$(inherited)",
					"@executable_path/Frameworks",
				);
				PRODUCT_BUNDLE_IDENTIFIER = com.shuji.taniguchi.ChatAppWithFirebase;
				PRODUCT_NAME = "$(TARGET_NAME)";
				SWIFT_VERSION = 5.0;
				TARGETED_DEVICE_FAMILY = "1,2";
			};
			name = Debug;
		};
		A6A34D8D26E8FF3F00765AD3 /* Release */ = {
			isa = XCBuildConfiguration;
			baseConfigurationReference = 017BF5F4573EFDBF03B778C8 /* Pods-ChatAppWithFirebase.release.xcconfig */;
			buildSettings = {
				ASSETCATALOG_COMPILER_APPICON_NAME = AppIcon;
				ASSETCATALOG_COMPILER_GLOBAL_ACCENT_COLOR_NAME = AccentColor;
				CODE_SIGN_STYLE = Automatic;
				INFOPLIST_FILE = ChatAppWithFirebase/Info.plist;
				LD_RUNPATH_SEARCH_PATHS = (
					"$(inherited)",
					"@executable_path/Frameworks",
				);
				PRODUCT_BUNDLE_IDENTIFIER = com.shuji.taniguchi.ChatAppWithFirebase;
				PRODUCT_NAME = "$(TARGET_NAME)";
				SWIFT_VERSION = 5.0;
				TARGETED_DEVICE_FAMILY = "1,2";
			};
			name = Release;
		};
/* End XCBuildConfiguration section */

/* Begin XCConfigurationList section */
		A6A34D7226E8FF3E00765AD3 /* Build configuration list for PBXProject "ChatAppWithFirebase" */ = {
			isa = XCConfigurationList;
			buildConfigurations = (
				A6A34D8926E8FF3F00765AD3 /* Debug */,
				A6A34D8A26E8FF3F00765AD3 /* Release */,
			);
			defaultConfigurationIsVisible = 0;
			defaultConfigurationName = Release;
		};
		A6A34D8B26E8FF3F00765AD3 /* Build configuration list for PBXNativeTarget "ChatAppWithFirebase" */ = {
			isa = XCConfigurationList;
			buildConfigurations = (
				A6A34D8C26E8FF3F00765AD3 /* Debug */,
				A6A34D8D26E8FF3F00765AD3 /* Release */,
			);
			defaultConfigurationIsVisible = 0;
			defaultConfigurationName = Release;
		};
/* End XCConfigurationList section */
	};
	rootObject = A6A34D6F26E8FF3E00765AD3 /* Project object */;
}
